github.com/pyke369/golang-support v0.0.0-20181116112450-298fb2ce1237 h1:gksLc+3Ub7U/EzFeHgtzfvr5bEzbjPp5DbWuJr5G26Y=
github.com/pyke369/golang-support v0.0.0-20181214130449-a17e4e573240 h1:u7Ay8Fw0vP2OjxZhAxo61xD9rLOwobLpcu02UlHrWkU=
github.com/pyke369/golang-support v0.0.0-20181214130449-a17e4e573240/go.mod h1:0XGrzgrEp0fa/+JSV8XZePUwyjnU6C3bMc7Xz2bHHKI=
